
Microsoft Visual Studio Solution File, Format Version 12.00
# Visual Studio Version 16
VisualStudioVersion = 16.0.30611.23
MinimumVisualStudioVersion = 10.0.40219.1
Project("{FAE04EC0-301F-11D3-BF4B-00C04F79EFBC}") = "ConexionSQLServerUWP", "ConexionSQLServerUWP\ConexionSQLServerUWP.csproj", "{33D69626-97AD-47E4-9DF5-48F507AAD935}"
EndProject
Project("{FAE04EC0-301F-11D3-BF4B-00C04F79EFBC}") = "Connection", "Connection\Connection.csproj", "{6B5F3955-EAD6-47CB-8486-C0B7D64DE687}"
EndProject
Project("{FAE04EC0-301F-11D3-BF4B-00C04F79EFBC}") = "Models", "Models\Models.csproj", "{278CE5E2-8958-4CF1-8FDC-C8DF535CAC7B}"
EndProject
Global
	GlobalSection(SolutionConfigurationPlatforms) = preSolution
		Debug|Any CPU = Debug|Any CPU
		Debug|ARM = Debug|ARM
		Debug|ARM64 = Debug|ARM64
		Debug|x64 = Debug|x64
		Debug|x86 = Debug|x86
		Release|Any CPU = Release|Any CPU
		Release|ARM = Release|ARM
		Release|ARM64 = Release|ARM64
		Release|x64 = Release|x64
		Release|x86 = Release|x86
	EndGlobalSection
	GlobalSection(ProjectConfigurationPlatforms) = postSolution
		{33D69626-97AD-47E4-9DF5-48F507AAD935}.Debug|Any CPU.ActiveCfg = Debug|x86
		{33D69626-97AD-47E4-9DF5-48F507AAD935}.Debug|ARM.ActiveCfg = Debug|ARM
		{33D69626-97AD-47E4-9DF5-48F507AAD935}.Debug|ARM.Build.0 = Debug|ARM
		{33D69626-97AD-47E4-9DF5-48F507AAD935}.Debug|ARM.Deploy.0 = Debug|ARM
		{33D69626-97AD-47E4-9DF5-48F507AAD935}.Debug|ARM64.ActiveCfg = Debug|ARM64
		{33D69626-97AD-47E4-9DF5-48F507AAD935}.Debug|ARM64.Build.0 = Debug|ARM64
		{33D69626-97AD-47E4-9DF5-48F507AAD935}.Debug|ARM64.Deploy.0 = Debug|ARM64
		{33D69626-97AD-47E4-9DF5-48F507AAD935}.Debug|x64.ActiveCfg = Debug|x64
		{33D69626-97AD-47E4-9DF5-48F507AAD935}.Debug|x64.Build.0 = Debug|x64
		{33D69626-97AD-47E4-9DF5-48F507AAD935}.Debug|x64.Deploy.0 = Debug|x64
		{33D69626-97AD-47E4-9DF5-48F507AAD935}.Debug|x86.ActiveCfg = Debug|x86
		{33D69626-97AD-47E4-9DF5-48F507AAD935}.Debug|x86.Build.0 = Debug|x86
		{33D69626-97AD-47E4-9DF5-48F507AAD935}.Debug|x86.Deploy.0 = Debug|x86
		{33D69626-97AD-47E4-9DF5-48F507AAD935}.Release|Any CPU.ActiveCfg = Release|x86
		{33D69626-97AD-47E4-9DF5-48F507AAD935}.Release|ARM.ActiveCfg = Release|ARM
		{33D69626-97AD-47E4-9DF5-48F507AAD935}.Release|ARM.Build.0 = Release|ARM
		{33D69626-97AD-47E4-9DF5-48F507AAD935}.Release|ARM.Deploy.0 = Release|ARM
		{33D69626-97AD-47E4-9DF5-48F507AAD935}.Release|ARM64.ActiveCfg = Release|ARM64
		{33D69626-97AD-47E4-9DF5-48F507AAD935}.Release|ARM64.Build.0 = Release|ARM64
		{33D69626-97AD-47E4-9DF5-48F507AAD935}.Release|ARM64.Deploy.0 = Release|ARM64
		{33D69626-97AD-47E4-9DF5-48F507AAD935}.Release|x64.ActiveCfg = Release|x64
		{33D69626-97AD-47E4-9DF5-48F507AAD935}.Release|x64.Build.0 = Release|x64
		{33D69626-97AD-47E4-9DF5-48F507AAD935}.Release|x64.Deploy.0 = Release|x64
		{33D69626-97AD-47E4-9DF5-48F507AAD935}.Release|x86.ActiveCfg = Release|x86
		{33D69626-97AD-47E4-9DF5-48F507AAD935}.Release|x86.Build.0 = Release|x86
		{33D69626-97AD-47E4-9DF5-48F507AAD935}.Release|x86.Deploy.0 = Release|x86
		{6B5F3955-EAD6-47CB-8486-C0B7D64DE687}.Debug|Any CPU.ActiveCfg = Debug|Any CPU
		{6B5F3955-EAD6-47CB-8486-C0B7D64DE687}.Debug|Any CPU.Build.0 = Debug|Any CPU
		{6B5F3955-EAD6-47CB-8486-C0B7D64DE687}.Debug|ARM.ActiveCfg = Debug|ARM
		{6B5F3955-EAD6-47CB-8486-C0B7D64DE687}.Debug|ARM.Build.0 = Debug|ARM
		{6B5F3955-EAD6-47CB-8486-C0B7D64DE687}.Debug|ARM64.ActiveCfg = Debug|ARM64
		{6B5F3955-EAD6-47CB-8486-C0B7D64DE687}.Debug|ARM64.Build.0 = Debug|ARM64
		{6B5F3955-EAD6-47CB-8486-C0B7D64DE687}.Debug|x64.ActiveCfg = Debug|x64
		{6B5F3955-EAD6-47CB-8486-C0B7D64DE687}.Debug|x64.Build.0 = Debug|x64
		{6B5F3955-EAD6-47CB-8486-C0B7D64DE687}.Debug|x86.ActiveCfg = Debug|x86
		{6B5F3955-EAD6-47CB-8486-C0B7D64DE687}.Debug|x86.Build.0 = Debug|x86
		{6B5F3955-EAD6-47CB-8486-C0B7D64DE687}.Release|Any CPU.ActiveCfg = Release|Any CPU
		{6B5F3955-EAD6-47CB-8486-C0B7D64DE687}.Release|Any CPU.Build.0 = Release|Any CPU
		{6B5F3955-EAD6-47CB-8486-C0B7D64DE687}.Release|ARM.ActiveCfg = Release|ARM
		{6B5F3955-EAD6-47CB-8486-C0B7D64DE687}.Release|ARM.Build.0 = Release|ARM
		{6B5F3955-EAD6-47CB-8486-C0B7D64DE687}.Release|ARM64.ActiveCfg = Release|ARM64
		{6B5F3955-EAD6-47CB-8486-C0B7D64DE687}.Release|ARM64.Build.0 = Release|ARM64
		{6B5F3955-EAD6-47CB-8486-C0B7D64DE687}.Release|x64.ActiveCfg = Release|x64
		{6B5F3955-EAD6-47CB-8486-C0B7D64DE687}.Release|x64.Build.0 = Release|x64
		{6B5F3955-EAD6-47CB-8486-C0B7D64DE687}.Release|x86.ActiveCfg = Release|x86
		{6B5F3955-EAD6-47CB-8486-C0B7D64DE687}.Release|x86.Build.0 = Release|x86
		{278CE5E2-8958-4CF1-8FDC-C8DF535CAC7B}.Debug|Any CPU.ActiveCfg = Debug|Any CPU
		{278CE5E2-8958-4CF1-8FDC-C8DF535CAC7B}.Debug|Any CPU.Build.0 = Debug|Any CPU
		{278CE5E2-8958-4CF1-8FDC-C8DF535CAC7B}.Debug|ARM.ActiveCfg = Debug|ARM
		{278CE5E2-8958-4CF1-8FDC-C8DF535CAC7B}.Debug|ARM.Build.0 = Debug|ARM
		{278CE5E2-8958-4CF1-8FDC-C8DF535CAC7B}.Debug|ARM64.ActiveCfg = Debug|ARM64
		{278CE5E2-8958-4CF1-8FDC-C8DF535CAC7B}.Debug|ARM64.Build.0 = Debug|ARM64
		{278CE5E2-8958-4CF1-8FDC-C8DF535CAC7B}.Debug|x64.ActiveCfg = Debug|x64
		{278CE5E2-8958-4CF1-8FDC-C8DF535CAC7B}.Debug|x64.Build.0 = Debug|x64
		{278CE5E2-8958-4CF1-8FDC-C8DF535CAC7B}.Debug|x86.ActiveCfg = Debug|x86
		{278CE5E2-8958-4CF1-8FDC-C8DF535CAC7B}.Debug|x86.Build.0 = Debug|x86
		{278CE5E2-8958-4CF1-8FDC-C8DF535CAC7B}.Release|Any CPU.ActiveCfg = Release|Any CPU
		{278CE5E2-8958-4CF1-8FDC-C8DF535CAC7B}.Release|Any CPU.Build.0 = Release|Any CPU
		{278CE5E2-8958-4CF1-8FDC-C8DF535CAC7B}.Release|ARM.ActiveCfg = Release|ARM
		{278CE5E2-8958-4CF1-8FDC-C8DF535CAC7B}.Release|ARM.Build.0 = Release|ARM
		{278CE5E2-8958-4CF1-8FDC-C8DF535CAC7B}.Release|ARM64.ActiveCfg = Release|ARM64
		{278CE5E2-8958-4CF1-8FDC-C8DF535CAC7B}.Release|ARM64.Build.0 = Release|ARM64
		{278CE5E2-8958-4CF1-8FDC-C8DF535CAC7B}.Release|x64.ActiveCfg = Release|x64
		{278CE5E2-8958-4CF1-8FDC-C8DF535CAC7B}.Release|x64.Build.0 = Release|x64
		{278CE5E2-8958-4CF1-8FDC-C8DF535CAC7B}.Release|x86.ActiveCfg = Release|x86
		{278CE5E2-8958-4CF1-8FDC-C8DF535CAC7B}.Release|x86.Build.0 = Release|x86
	EndGlobalSection
	GlobalSection(SolutionProperties) = preSolution
		HideSolutionNode = FALSE
	EndGlobalSection
	GlobalSection(ExtensibilityGlobals) = postSolution
		SolutionGuid = {75AF1E47-74FE-4B13-A3BC-9411245B1818}
	EndGlobalSection
EndGlobal
